{
  "pins" : [
    {
      "identity" : "testpackage",
      "kind" : "remoteSourceControl",
      "location" : "https://github.com/BhavinPat/testPackage.git",
      "state" : {
        "branch" : "main",
        "revision" : "35fac09bc739ec856b5fb7c83d0cbd1a6356adb1"
      }
    }
  ],
  "version" : 2
}
