{
  "pins" : [
    {
      "identity" : "testpackage",
      "kind" : "remoteSourceControl",
      "location" : "https://github.com/BhavinPat/testPackage.git",
      "state" : {
        "branch" : "main",
        "revision" : "09c0b6d4801061b8903e32646679efa36b1c058e"
      }
    }
  ],
  "version" : 2
}
