{
  "pins" : [
    {
      "identity" : "testpackage",
      "kind" : "remoteSourceControl",
      "location" : "https://github.com/BhavinPat/testPackage.git",
      "state" : {
        "branch" : "main",
        "revision" : "9df5f03cd3d09bb408ffbf11e6539f2e9aa0d14b"
      }
    }
  ],
  "version" : 2
}
